// !$*UTF8*$!
{
	archiveVersion = 1;
	classes = {
	};
	objectVersion = 50;
	objects = {

/* Begin PBXBuildFile section */
		7136B4D1244AFA1F00908763 /* AppDelegate.swift in Sources */ = {isa = PBXBuildFile; fileRef = 7136B4D0244AFA1F00908763 /* AppDelegate.swift */; };
		7136B4D3244AFA1F00908763 /* SceneDelegate.swift in Sources */ = {isa = PBXBuildFile; fileRef = 7136B4D2244AFA1F00908763 /* SceneDelegate.swift */; };
		7136B4D5244AFA1F00908763 /* ViewController.swift in Sources */ = {isa = PBXBuildFile; fileRef = 7136B4D4244AFA1F00908763 /* ViewController.swift */; };
		7136B4D8244AFA1F00908763 /* Main.storyboard in Resources */ = {isa = PBXBuildFile; fileRef = 7136B4D6244AFA1F00908763 /* Main.storyboard */; };
		7136B4DA244AFA2000908763 /* Assets.xcassets in Resources */ = {isa = PBXBuildFile; fileRef = 7136B4D9244AFA2000908763 /* Assets.xcassets */; };
		7136B4DD244AFA2000908763 /* LaunchScreen.storyboard in Resources */ = {isa = PBXBuildFile; fileRef = 7136B4DB244AFA2000908763 /* LaunchScreen.storyboard */; };
/* End PBXBuildFile section */

/* Begin PBXFileReference section */
		7136B4CD244AFA1F00908763 /* RxTableViewDemo.app */ = {isa = PBXFileReference; explicitFileType = wrapper.application; includeInIndex = 0; path = RxTableViewDemo.app; sourceTree = BUILT_PRODUCTS_DIR; };
		7136B4D0244AFA1F00908763 /* AppDelegate.swift */ = {isa = PBXFileReference; lastKnownFileType = sourcecode.swift; path = AppDelegate.swift; sourceTree = "<group>"; };
		7136B4D2244AFA1F00908763 /* SceneDelegate.swift */ = {isa = PBXFileReference; lastKnownFileType = sourcecode.swift; path = SceneDelegate.swift; sourceTree = "<group>"; };
		7136B4D4244AFA1F00908763 /* ViewController.swift */ = {isa = PBXFileReference; lastKnownFileType = sourcecode.swift; path = ViewController.swift; sourceTree = "<group>"; };
		7136B4D7244AFA1F00908763 /* Base */ = {isa = PBXFileReference; lastKnownFileType = file.storyboard; name = Base; path = Base.lproj/Main.storyboard; sourceTree = "<group>"; };
		7136B4D9244AFA2000908763 /* Assets.xcassets */ = {isa = PBXFileReference; lastKnownFileType = folder.assetcatalog; path = Assets.xcassets; sourceTree = "<group>"; };
		7136B4DC244AFA2000908763 /* Base */ = {isa = PBXFileReference; lastKnownFileType = file.storyboard; name = Base; path = Base.lproj/LaunchScreen.storyboard; sourceTree = "<group>"; };
		7136B4DE244AFA2000908763 /* Info.plist */ = {isa = PBXFileReference; lastKnownFileType = text.plist.xml; path = Info.plist; sourceTree = "<group>"; };
/* End PBXFileReference section */

/* Begin PBXFrameworksBuildPhase section */
		7136B4CA244AFA1F00908763 /* Frameworks */ = {
			isa = PBXFrameworksBuildPhase;
			buildActionMask = 2147483647;
			files = (
			);
			runOnlyForDeploymentPostprocessing = 0;
		};
/* End PBXFrameworksBuildPhase section */

/* Begin PBXGroup section */
		7136B4C4244AFA1F00908763 = {
			isa = PBXGroup;
			children = (
				7136B4CF244AFA1F00908763 /* RxTableViewDemo */,
				7136B4CE244AFA1F00908763 /* Products */,
			);
			sourceTree = "<group>";
		};
		7136B4CE244AFA1F00908763 /* Products */ = {
			isa = PBXGroup;
			children = (
				7136B4CD244AFA1F00908763 /* RxTableViewDemo.app */,
			);
			name = Products;
			sourceTree = "<group>";
		};
		7136B4CF244AFA1F00908763 /* RxTableViewDemo */ = {
			isa = PBXGroup;
			children = (
				7136B4D0244AFA1F00908763 /* AppDelegate.swift */,
				7136B4D2244AFA1F00908763 /* SceneDelegate.swift */,
				7136B4D4244AFA1F00908763 /* ViewController.swift */,
				7136B4D6244AFA1F00908763 /* Main.storyboard */,
				7136B4D9244AFA2000908763 /* Assets.xcassets */,
				7136B4DB244AFA2000908763 /* LaunchScreen.storyboard */,
				7136B4DE244AFA2000908763 /* Info.plist */,
			);
			path = RxTableViewDemo;
			sourceTree = "<group>";
		};
/* End PBXGroup section */

/* Begin PBXNativeTarget section */
		7136B4CC244AFA1F00908763 /* RxTableViewDemo */ = {
			isa = PBXNativeTarget;
			buildConfigurationList = 7136B4E1244AFA2000908763 /* Build configuration list for PBXNativeTarget "RxTableViewDemo" */;
			buildPhases = (
				7136B4C9244AFA1F00908763 /* Sources */,
				7136B4CA244AFA1F00908763 /* Frameworks */,
				7136B4CB244AFA1F00908763 /* Resources */,
			);
			buildRules = (
			);
			dependencies = (
			);
			name = RxTableViewDemo;
			productName = RxTableViewDemo;
			productReference = 7136B4CD244AFA1F00908763 /* RxTableViewDemo.app */;
			productType = "com.apple.product-type.application";
		};
/* End PBXNativeTarget section */

/* Begin PBXProject section */
		7136B4C5244AFA1F00908763 /* Project object */ = {
			isa = PBXProject;
			attributes = {
				LastSwiftUpdateCheck = 1140;
				LastUpgradeCheck = 1140;
				ORGANIZATIONNAME = AppChihPin;
				TargetAttributes = {
					7136B4CC244AFA1F00908763 = {
						CreatedOnToolsVersion = 11.4.1;
					};
				};
			};
			buildConfigurationList = 7136B4C8244AFA1F00908763 /* Build configuration list for PBXProject "RxTableViewDemo" */;
			compatibilityVersion = "Xcode 9.3";
			developmentRegion = en;
			hasScannedForEncodings = 0;
			knownRegions = (
				en,
				Base,
			);
			mainGroup = 7136B4C4244AFA1F00908763;
			productRefGroup = 7136B4CE244AFA1F00908763 /* Products */;
			projectDirPath = "";
			projectRoot = "";
			targets = (
				7136B4CC244AFA1F00908763 /* RxTableViewDemo */,
			);
		};
/* End PBXProject section */

/* Begin PBXResourcesBuildPhase section */
		7136B4CB244AFA1F00908763 /* Resources */ = {
			isa = PBXResourcesBuildPhase;
			buildActionMask = 2147483647;
			files = (
				7136B4DD244AFA2000908763 /* LaunchScreen.storyboard in Resources */,
				7136B4DA244AFA2000908763 /* Assets.xcassets in Resources */,
				7136B4D8244AFA1F00908763 /* Main.storyboard in Resources */,
			);
			runOnlyForDeploymentPostprocessing = 0;
		};
/* End PBXResourcesBuildPhase section */

/* Begin PBXSourcesBuildPhase section */
		7136B4C9244AFA1F00908763 /* Sources */ = {
			isa = PBXSourcesBuildPhase;
			buildActionMask = 2147483647;
			files = (
				7136B4D5244AFA1F00908763 /* ViewController.swift in Sources */,
				7136B4D1244AFA1F00908763 /* AppDelegate.swift in Sources */,
				7136B4D3244AFA1F00908763 /* SceneDelegate.swift in Sources */,
			);
			runOnlyForDeploymentPostprocessing = 0;
		};
/* End PBXSourcesBuildPhase section */

/* Begin PBXVariantGroup section */
		7136B4D6244AFA1F00908763 /* Main.storyboard */ = {
			isa = PBXVariantGroup;
			children = (
				7136B4D7244AFA1F00908763 /* Base */,
			);
			name = Main.storyboard;
			sourceTree = "<group>";
		};
		7136B4DB244AFA2000908763 /* LaunchScreen.storyboard */ = {
			isa = PBXVariantGroup;
			children = (
				7136B4DC244AFA2000908763 /* Base */,
			);
			name = LaunchScreen.storyboard;
			sourceTree = "<group>";
		};
/* End PBXVariantGroup section */

/* Begin XCBuildConfiguration section */
		7136B4DF244AFA2000908763 /* Debug */ = {
			isa = XCBuildConfiguration;
			buildSettings = {
				ALWAYS_SEARCH_USER_PATHS = NO;
				CLANG_ANALYZER_NONNULL = YES;
				CLANG_ANALYZER_NUMBER_OBJECT_CONVERSION = YES_AGGRESSIVE;
				CLANG_CXX_LANGUAGE_STANDARD = "gnu++14";
				CLANG_CXX_LIBRARY = "libc++";
				CLANG_ENABLE_MODULES = YES;
				CLANG_ENABLE_OBJC_ARC = YES;
				CLANG_ENABLE_OBJC_WEAK = YES;
				CLANG_WARN_BLOCK_CAPTURE_AUTORELEASING = YES;
				CLANG_WARN_BOOL_CONVERSION = YES;
				CLANG_WARN_COMMA = YES;
				CLANG_WARN_CONSTANT_CONVERSION = YES;
				CLANG_WARN_DEPRECATED_OBJC_IMPLEMENTATIONS = YES;
				CLANG_WARN_DIRECT_OBJC_ISA_USAGE = YES_ERROR;
				CLANG_WARN_DOCUMENTATION_COMMENTS = YES;
				CLANG_WARN_EMPTY_BODY = YES;
				CLANG_WARN_ENUM_CONVERSION = YES;
				CLANG_WARN_INFINITE_RECURSION = YES;
				CLANG_WARN_INT_CONVERSION = YES;
				CLANG_WARN_NON_LITERAL_NULL_CONVERSION = YES;
				CLANG_WARN_OBJC_IMPLICIT_RETAIN_SELF = YES;
				CLANG_WARN_OBJC_LITERAL_CONVERSION = YES;
				CLANG_WARN_OBJC_ROOT_CLASS = YES_ERROR;
				CLANG_WARN_RANGE_LOOP_ANALYSIS = YES;
				CLANG_WARN_STRICT_PROTOTYPES = YES;
				CLANG_WARN_SUSPICIOUS_MOVE = YES;
				CLANG_WARN_UNGUARDED_AVAILABILITY = YES_AGGRESSIVE;
				CLANG_WARN_UNREACHABLE_CODE = YES;
				CLANG_WARN__DUPLICATE_METHOD_MATCH = YES;
				COPY_PHASE_STRIP = NO;
				DEBUG_INFORMATION_FORMAT = dwarf;
				ENABLE_STRICT_OBJC_MSGSEND = YES;
				ENABLE_TESTABILITY = YES;
				GCC_C_LANGUAGE_STANDARD = gnu11;
				GCC_DYNAMIC_NO_PIC = NO;
				GCC_NO_COMMON_BLOCKS = YES;
				GCC_OPTIMIZATION_LEVEL = 0;
				GCC_PREPROCESSOR_DEFINITIONS = (
					"DEBUG=1",
					"$(inherited)",
				);
				GCC_WARN_64_TO_32_BIT_CONVERSION = YES;
				GCC_WARN_ABOUT_RETURN_TYPE = YES_ERROR;
				GCC_WARN_UNDECLARED_SELECTOR = YES;
				GCC_WARN_UNINITIALIZED_AUTOS = YES_AGGRESSIVE;
				GCC_WARN_UNUSED_FUNCTION = YES;
				GCC_WARN_UNUSED_VARIABLE = YES;
				IPHONEOS_DEPLOYMENT_TARGET = 13.4;
				MTL_ENABLE_DEBUG_INFO = INCLUDE_SOURCE;
				MTL_FAST_MATH = YES;
				ONLY_ACTIVE_ARCH = YES;
				SDKROOT = iphoneos;
				SWIFT_ACTIVE_COMPILATION_CONDITIONS = DEBUG;
				SWIFT_OPTIMIZATION_LEVEL = "-Onone";
			};
			name = Debug;
		};
		7136B4E0244AFA2000908763 /* Release */ = {
			isa = XCBuildConfiguration;
			buildSettings = {
				ALWAYS_SEARCH_USER_PATHS = NO;
				CLANG_ANALYZER_NONNULL = YES;
				CLANG_ANALYZER_NUMBER_OBJECT_CONVERSION = YES_AGGRESSIVE;
				CLANG_CXX_LANGUAGE_STANDARD = "gnu++14";
				CLANG_CXX_LIBRARY = "libc++";
				CLANG_ENABLE_MODULES = YES;
				CLANG_ENABLE_OBJC_ARC = YES;
				CLANG_ENABLE_OBJC_WEAK = YES;
				CLANG_WARN_BLOCK_CAPTURE_AUTORELEASING = YES;
				CLANG_WARN_BOOL_CONVERSION = YES;
				CLANG_WARN_COMMA = YES;
				CLANG_WARN_CONSTANT_CONVERSION = YES;
				CLANG_WARN_DEPRECATED_OBJC_IMPLEMENTATIONS = YES;
				CLANG_WARN_DIRECT_OBJC_ISA_USAGE = YES_ERROR;
				CLANG_WARN_DOCUMENTATION_COMMENTS = YES;
				CLANG_WARN_EMPTY_BODY = YES;
				CLANG_WARN_ENUM_CONVERSION = YES;
				CLANG_WARN_INFINITE_RECURSION = YES;
				CLANG_WARN_INT_CONVERSION = YES;
				CLANG_WARN_NON_LITERAL_NULL_CONVERSION = YES;
				CLANG_WARN_OBJC_IMPLICIT_RETAIN_SELF = YES;
				CLANG_WARN_OBJC_LITERAL_CONVERSION = YES;
				CLANG_WARN_OBJC_ROOT_CLASS = YES_ERROR;
				CLANG_WARN_RANGE_LOOP_ANALYSIS = YES;
				CLANG_WARN_STRICT_PROTOTYPES = YES;
				CLANG_WARN_SUSPICIOUS_MOVE = YES;
				CLANG_WARN_UNGUARDED_AVAILABILITY = YES_AGGRESSIVE;
				CLANG_WARN_UNREACHABLE_CODE = YES;
				CLANG_WARN__DUPLICATE_METHOD_MATCH = YES;
				COPY_PHASE_STRIP = NO;
				DEBUG_INFORMATION_FORMAT = "dwarf-with-dsym";
				ENABLE_NS_ASSERTIONS = NO;
				ENABLE_STRICT_OBJC_MSGSEND = YES;
				GCC_C_LANGUAGE_STANDARD = gnu11;
				GCC_NO_COMMON_BLOCKS = YES;
				GCC_WARN_64_TO_32_BIT_CONVERSION = YES;
				GCC_WARN_ABOUT_RETURN_TYPE = YES_ERROR;
				GCC_WARN_UNDECLARED_SELECTOR = YES;
				GCC_WARN_UNINITIALIZED_AUTOS = YES_AGGRESSIVE;
				GCC_WARN_UNUSED_FUNCTION = YES;
				GCC_WARN_UNUSED_VARIABLE = YES;
				IPHONEOS_DEPLOYMENT_TARGET = 13.4;
				MTL_ENABLE_DEBUG_INFO = NO;
				MTL_FAST_MATH = YES;
				SDKROOT = iphoneos;
				SWIFT_COMPILATION_MODE = wholemodule;
				SWIFT_OPTIMIZATION_LEVEL = "-O";
				VALIDATE_PRODUCT = YES;
			};
			name = Release;
		};
		7136B4E2244AFA2000908763 /* Debug */ = {
			isa = XCBuildConfiguration;
			buildSettings = {
				ASSETCATALOG_COMPILER_APPICON_NAME = AppIcon;
				CODE_SIGN_STYLE = Automatic;
				DEVELOPMENT_TEAM = HZFSZV43UE;
				INFOPLIST_FILE = RxTableViewDemo/Info.plist;
				LD_RUNPATH_SEARCH_PATHS = (
					"$(inherited)",
					"@executable_path/Frameworks",
				);
				PRODUCT_BUNDLE_IDENTIFIER = com.AppChihPin.RxTableViewDemo;
				PRODUCT_NAME = "$(TARGET_NAME)";
				SWIFT_VERSION = 5.0;
				TARGETED_DEVICE_FAMILY = "1,2";
			};
			name = Debug;
		};
		7136B4E3244AFA2000908763 /* Release */ = {
			isa = XCBuildConfiguration;
			buildSettings = {
				ASSETCATALOG_COMPILER_APPICON_NAME = AppIcon;
				CODE_SIGN_STYLE = Automatic;
				DEVELOPMENT_TEAM = HZFSZV43UE;
				INFOPLIST_FILE = RxTableViewDemo/Info.plist;
				LD_RUNPATH_SEARCH_PATHS = (
					"$(inherited)",
					"@executable_path/Frameworks",
				);
				PRODUCT_BUNDLE_IDENTIFIER = com.AppChihPin.RxTableViewDemo;
				PRODUCT_NAME = "$(TARGET_NAME)";
				SWIFT_VERSION = 5.0;
				TARGETED_DEVICE_FAMILY = "1,2";
			};
			name = Release;
		};
/* End XCBuildConfiguration section */

/* Begin XCConfigurationList section */
		7136B4C8244AFA1F00908763 /* Build configuration list for PBXProject "RxTableViewDemo" */ = {
			isa = XCConfigurationList;
			buildConfigurations = (
				7136B4DF244AFA2000908763 /* Debug */,
				7136B4E0244AFA2000908763 /* Release */,
			);
			defaultConfigurationIsVisible = 0;
			defaultConfigurationName = Release;
		};
		7136B4E1244AFA2000908763 /* Build configuration list for PBXNativeTarget "RxTableViewDemo" */ = {
			isa = XCConfigurationList;
			buildConfigurations = (
				7136B4E2244AFA2000908763 /* Debug */,
				7136B4E3244AFA2000908763 /* Release */,
			);
			defaultConfigurationIsVisible = 0;
			defaultConfigurationName = Release;
		};
/* End XCConfigurationList section */
	};
	rootObject = 7136B4C5244AFA1F00908763 /* Project object */;
}
